
Microsoft Visual Studio Solution File, Format Version 12.00
# Visual Studio Version 17
VisualStudioVersion = 17.9.34622.214
MinimumVisualStudioVersion = 10.0.40219.1
Project("{FAE04EC0-301F-11D3-BF4B-00C04F79EFBC}") = "StudentGradesManagement", "StudentGradesManagement\StudentGradesManagement.csproj", "{94E001E4-629D-4530-AB06-23FC6C58BB50}"
EndProject
Global
	GlobalSection(SolutionConfigurationPlatforms) = preSolution
		Debug|Any CPU = Debug|Any CPU
		Release|Any CPU = Release|Any CPU
	EndGlobalSection
	GlobalSection(ProjectConfigurationPlatforms) = postSolution
		{94E001E4-629D-4530-AB06-23FC6C58BB50}.Debug|Any CPU.ActiveCfg = Debug|Any CPU
		{94E001E4-629D-4530-AB06-23FC6C58BB50}.Debug|Any CPU.Build.0 = Debug|Any CPU
		{94E001E4-629D-4530-AB06-23FC6C58BB50}.Release|Any CPU.ActiveCfg = Release|Any CPU
		{94E001E4-629D-4530-AB06-23FC6C58BB50}.Release|Any CPU.Build.0 = Release|Any CPU
	EndGlobalSection
	GlobalSection(SolutionProperties) = preSolution
		HideSolutionNode = FALSE
	EndGlobalSection
	GlobalSection(ExtensibilityGlobals) = postSolution
		SolutionGuid = {B1FFE963-0360-4439-80D9-19EB6272611E}
	EndGlobalSection
EndGlobal
